PODS:
  - Alamofire (5.9.0)
  - AMPopTip (4.12.0)
  - BRPickerView (2.8.1):
    - BRPickerView/AddressPickerView (= 2.8.1)
    - BRPickerView/Base (= 2.8.1)
    - BRPickerView/DatePickerView (= 2.8.1)
    - BRPickerView/StringPickerView (= 2.8.1)
  - BRPickerView/AddressPickerView (2.8.1):
    - BRPickerView/Base
  - BRPickerView/Base (2.8.1)
  - BRPickerView/DatePickerView (2.8.1):
    - BRPickerView/Base
  - BRPickerView/StringPickerView (2.8.1):
    - BRPickerView/Base
  - GRDB.swift (6.24.1):
    - GRDB.swift/standard (= 6.24.1)
  - GRDB.swift/standard (6.24.1)
  - JFPopup (1.5.4):
    - JRBaseKit (~> 1.1.1)
  - JRBaseKit (1.1.2)
  - JXPhotoBrowser (3.1.4)
  - Kingfisher (7.10.1)
  - Position (0.7.1)
  - SnapKit (5.6.0)
  - SwiftyStoreKit (0.16.1)
  - Toast-Swift (5.0.1)
  - UMCommon (7.4.6):
    - UMDevice
  - UMDevice (3.4.0)

DEPENDENCIES:
  - Alamofire
  - AMPopTip
  - BRPickerView
  - GRDB.swift
  - JFPopup (= 1.5.4)
  - JXPhotoBrowser (~> 3.0)
  - Kingfisher
  - Position (~> 0.7.0)
  - SnapKit
  - SwiftyStoreKit
  - Toast-Swift (~> 5.0.1)
  - UMCommon

SPEC REPOS:
  trunk:
    - Alamofire
    - AMPopTip
    - BRPickerView
    - GRDB.swift
    - JFPopup
    - JRBaseKit
    - JXPhotoBrowser
    - Kingfisher
    - Position
    - SnapKit
    - SwiftyStoreKit
    - Toast-Swift
    - UMCommon
    - UMDevice

SPEC CHECKSUMS:
  Alamofire: 02b772c9910e8eba1a079227c32fbd9e46c90a24
  AMPopTip: cf89d8690aa6e59ddc86bf46c0ccabb3e7d148a1
  BRPickerView: 2531a2d4d0fea0b57a1c738de215af0f88863a2f
  GRDB.swift: 136dcb5d8dddca50aae3ba7d77475f79e7232cd8
  JFPopup: c3ada13bbda3cfe85bd71228e20a0b622eab72af
  JRBaseKit: 825cca458a73990f6019deaaaaff75840dea477f
  JXPhotoBrowser: 41ffa41252c8d5264f97ab3c1936a5cf935a58d7
  Kingfisher: bc5abe80a8e0144537ef1dd5a0b2621b04f7f439
  Position: e60213a31dd920abe9ea375020d20c9a5eee3cc5
  SnapKit: e01d52ebb8ddbc333eefe2132acf85c8227d9c25
  SwiftyStoreKit: 6b9c08810269f030586dac1fae8e75871a82e84a
  Toast-Swift: 9b6a70f28b3bf0b96c40d46c0c4b9d6639846711
  UMCommon: 9399105b64e099c3c66aad21fc85ae695567a1f1
  UMDevice: dcdf7ec167387837559d149fbc7d793d984faf82

PODFILE CHECKSUM: f9d90d83a000850b287d380b9faf3797f37e28a2

COCOAPODS: 1.14.3
