// !$*UTF8*$!
{
	archiveVersion = 1;
	classes = {
	};
	objectVersion = 56;
	objects = {

/* Begin PBXBuildFile section */
		0B5249E62D9C0BA300127E9C /* Pods_StarFriend.framework in Frameworks */ = {isa = PBXBuildFile; fileRef = 64DA2EA4824AFD16BB8B1F75 /* Pods_StarFriend.framework */; };
		43297B362B2A165400A538D0 /* UIView+Extension.swift in Sources */ = {isa = PBXBuildFile; fileRef = 43297B352B2A165400A538D0 /* UIView+Extension.swift */; };
		43297B392B2A166B00A538D0 /* UserItem.swift in Sources */ = {isa = PBXBuildFile; fileRef = 43297B372B2A166B00A538D0 /* UserItem.swift */; };
		43297B3A2B2A166B00A538D0 /* UserHomeViewController.swift in Sources */ = {isa = PBXBuildFile; fileRef = 43297B382B2A166B00A538D0 /* UserHomeViewController.swift */; };
		43297B3C2B2A168200A538D0 /* UIColor+Extension.swift in Sources */ = {isa = PBXBuildFile; fileRef = 43297B3B2B2A168200A538D0 /* UIColor+Extension.swift */; };
		43297B3E2B2A174200A538D0 /* RadarTargetView.swift in Sources */ = {isa = PBXBuildFile; fileRef = 43297B3D2B2A174200A538D0 /* RadarTargetView.swift */; };
		43297B402B2A17CE00A538D0 /* FindFriendViewController.swift in Sources */ = {isa = PBXBuildFile; fileRef = 43297B3F2B2A17CE00A538D0 /* FindFriendViewController.swift */; };
		43297B422B2A17F900A538D0 /* RadarView.swift in Sources */ = {isa = PBXBuildFile; fileRef = 43297B412B2A17F900A538D0 /* RadarView.swift */; };
		43297B622B2BFB2E00A538D0 /* AutoScrollLabel.swift in Sources */ = {isa = PBXBuildFile; fileRef = 43297B612B2BFB2E00A538D0 /* AutoScrollLabel.swift */; };
		43297B642B2BFB4400A538D0 /* NoticeView.swift in Sources */ = {isa = PBXBuildFile; fileRef = 43297B632B2BFB4400A538D0 /* NoticeView.swift */; };
		43297B682B2C06D200A538D0 /* UserHomeCellRowModel.swift in Sources */ = {isa = PBXBuildFile; fileRef = 43297B672B2C06D200A538D0 /* UserHomeCellRowModel.swift */; };
		43297B6A2B2C081000A538D0 /* UserProfileTableCell.swift in Sources */ = {isa = PBXBuildFile; fileRef = 43297B692B2C081000A538D0 /* UserProfileTableCell.swift */; };
		43297B6C2B2C083500A538D0 /* UserGalleryTableCell.swift in Sources */ = {isa = PBXBuildFile; fileRef = 43297B6B2B2C083500A538D0 /* UserGalleryTableCell.swift */; };
		43297B6E2B2C094B00A538D0 /* UserOtherInfoTableCell.swift in Sources */ = {isa = PBXBuildFile; fileRef = 43297B6D2B2C094B00A538D0 /* UserOtherInfoTableCell.swift */; };
		4353A4FF2B29B3A5006C7CC4 /* AppDelegate.swift in Sources */ = {isa = PBXBuildFile; fileRef = 4353A4FE2B29B3A5006C7CC4 /* AppDelegate.swift */; };
		4353A5012B29B3A5006C7CC4 /* SceneDelegate.swift in Sources */ = {isa = PBXBuildFile; fileRef = 4353A5002B29B3A5006C7CC4 /* SceneDelegate.swift */; };
		4353A5082B29B3A5006C7CC4 /* Assets.xcassets in Resources */ = {isa = PBXBuildFile; fileRef = 4353A5072B29B3A5006C7CC4 /* Assets.xcassets */; };
		4353A50B2B29B3A5006C7CC4 /* LaunchScreen.storyboard in Resources */ = {isa = PBXBuildFile; fileRef = 4353A5092B29B3A5006C7CC4 /* LaunchScreen.storyboard */; };
		4353A5382B29B57C006C7CC4 /* ViewController.swift in Sources */ = {isa = PBXBuildFile; fileRef = 4353A5142B29B57C006C7CC4 /* ViewController.swift */; };
		4353A53A2B29B57C006C7CC4 /* ReportUserController.swift in Sources */ = {isa = PBXBuildFile; fileRef = 4353A5172B29B57C006C7CC4 /* ReportUserController.swift */; };
		4353A53B2B29B57C006C7CC4 /* UIImagePickerController+Rx.swift in Sources */ = {isa = PBXBuildFile; fileRef = 4353A5182B29B57C006C7CC4 /* UIImagePickerController+Rx.swift */; };
		4353A53C2B29B57C006C7CC4 /* RxImagePickerDelegateProxy.swift in Sources */ = {isa = PBXBuildFile; fileRef = 4353A5192B29B57C006C7CC4 /* RxImagePickerDelegateProxy.swift */; };
		4353A53D2B29B57C006C7CC4 /* RadarIndicatorView.swift in Sources */ = {isa = PBXBuildFile; fileRef = 4353A51C2B29B57C006C7CC4 /* RadarIndicatorView.swift */; };
		4353A5422B29B57C006C7CC4 /* Feedbacks.swift in Sources */ = {isa = PBXBuildFile; fileRef = 4353A5222B29B57C006C7CC4 /* Feedbacks.swift */; };
		4353A5442B29B57C006C7CC4 /* UIViewController+Extension.swift in Sources */ = {isa = PBXBuildFile; fileRef = 4353A5242B29B57C006C7CC4 /* UIViewController+Extension.swift */; };
		4353A5452B29B57C006C7CC4 /* Observable+Extensions.swift in Sources */ = {isa = PBXBuildFile; fileRef = 4353A5252B29B57C006C7CC4 /* Observable+Extensions.swift */; };
		4353A5462B29B57C006C7CC4 /* UIScreen.swift in Sources */ = {isa = PBXBuildFile; fileRef = 4353A5262B29B57C006C7CC4 /* UIScreen.swift */; };
		4353A5472B29B57C006C7CC4 /* PseudoRandomGenerator.swift in Sources */ = {isa = PBXBuildFile; fileRef = 4353A5282B29B57C006C7CC4 /* PseudoRandomGenerator.swift */; };
		4353A5482B29B57C006C7CC4 /* Randomizer.swift in Sources */ = {isa = PBXBuildFile; fileRef = 4353A5292B29B57C006C7CC4 /* Randomizer.swift */; };
		4353A5492B29B57C006C7CC4 /* NumberSectionView.swift in Sources */ = {isa = PBXBuildFile; fileRef = 4353A52A2B29B57C006C7CC4 /* NumberSectionView.swift */; };
		4353A54A2B29B57C006C7CC4 /* FriendListCell.swift in Sources */ = {isa = PBXBuildFile; fileRef = 4353A52B2B29B57C006C7CC4 /* FriendListCell.swift */; };
		4353A54B2B29B57C006C7CC4 /* FriendListController.swift in Sources */ = {isa = PBXBuildFile; fileRef = 4353A52C2B29B57C006C7CC4 /* FriendListController.swift */; };
		4353A54C2B29B57C006C7CC4 /* IAPManager.swift in Sources */ = {isa = PBXBuildFile; fileRef = 4353A52E2B29B57C006C7CC4 /* IAPManager.swift */; };
		4353A54D2B29B57C006C7CC4 /* AppleReceiptValidatorX.swift in Sources */ = {isa = PBXBuildFile; fileRef = 4353A52F2B29B57C006C7CC4 /* AppleReceiptValidatorX.swift */; };
		4353A54E2B29B57C006C7CC4 /* StoreViewController.swift in Sources */ = {isa = PBXBuildFile; fileRef = 4353A5302B29B57C006C7CC4 /* StoreViewController.swift */; };
		4353A54F2B29B57C006C7CC4 /* ChatViewController.swift in Sources */ = {isa = PBXBuildFile; fileRef = 4353A5332B29B57C006C7CC4 /* ChatViewController.swift */; };
		4353A5512B29B57C006C7CC4 /* SendMessageViewController.swift in Sources */ = {isa = PBXBuildFile; fileRef = 4353A5352B29B57C006C7CC4 /* SendMessageViewController.swift */; };
		4353A5522B29B57C006C7CC4 /* SendMessageAPI.swift in Sources */ = {isa = PBXBuildFile; fileRef = 4353A5362B29B57C006C7CC4 /* SendMessageAPI.swift */; };
		4353A5532B29B57C006C7CC4 /* ChatMessageCell.swift in Sources */ = {isa = PBXBuildFile; fileRef = 4353A5372B29B57C006C7CC4 /* ChatMessageCell.swift */; };
		4353A5552B29B5B4006C7CC4 /* TabViewController.swift in Sources */ = {isa = PBXBuildFile; fileRef = 4353A5542B29B5B4006C7CC4 /* TabViewController.swift */; };
		43E3A1A42B2C5B8D0082050F /* boy_Aadil.jpg in Resources */ = {isa = PBXBuildFile; fileRef = 43E3A1872B2C5B8D0082050F /* boy_Aadil.jpg */; };
		43E3A1A52B2C5B8D0082050F /* boy_Zoom.jpg in Resources */ = {isa = PBXBuildFile; fileRef = 43E3A1882B2C5B8D0082050F /* boy_Zoom.jpg */; };
		43E3A1A62B2C5B8D0082050F /* boy_Hamed.jpg in Resources */ = {isa = PBXBuildFile; fileRef = 43E3A1892B2C5B8D0082050F /* boy_Hamed.jpg */; };
		43E3A1A72B2C5B8D0082050F /* boy_Nikki.jpg in Resources */ = {isa = PBXBuildFile; fileRef = 43E3A18A2B2C5B8D0082050F /* boy_Nikki.jpg */; };
		43E3A1A82B2C5B8D0082050F /* boy_BossMan.jpg in Resources */ = {isa = PBXBuildFile; fileRef = 43E3A18B2B2C5B8D0082050F /* boy_BossMan.jpg */; };
		43E3A1A92B2C5B8D0082050F /* boy_Ebony.jpg in Resources */ = {isa = PBXBuildFile; fileRef = 43E3A18C2B2C5B8D0082050F /* boy_Ebony.jpg */; };
		43E3A1AA2B2C5B8D0082050F /* boy_Amoil.jpg in Resources */ = {isa = PBXBuildFile; fileRef = 43E3A18D2B2C5B8D0082050F /* boy_Amoil.jpg */; };
		43E3A1AB2B2C5B8D0082050F /* boy_Christian.jpg in Resources */ = {isa = PBXBuildFile; fileRef = 43E3A18E2B2C5B8D0082050F /* boy_Christian.jpg */; };
		43E3A1AC2B2C5B8D0082050F /* boy_SK.jpg in Resources */ = {isa = PBXBuildFile; fileRef = 43E3A18F2B2C5B8D0082050F /* boy_SK.jpg */; };
		43E3A1AD2B2C5B8D0082050F /* boy_Cam.jpg in Resources */ = {isa = PBXBuildFile; fileRef = 43E3A1902B2C5B8D0082050F /* boy_Cam.jpg */; };
		43E3A1AE2B2C5B8D0082050F /* girl_Susan.jpg in Resources */ = {isa = PBXBuildFile; fileRef = 43E3A1922B2C5B8D0082050F /* girl_Susan.jpg */; };
		43E3A1AF2B2C5B8D0082050F /* girl_Amanda-2.jpg in Resources */ = {isa = PBXBuildFile; fileRef = 43E3A1932B2C5B8D0082050F /* girl_Amanda-2.jpg */; };
		43E3A1B02B2C5B8D0082050F /* girl_Amanda-3.jpg in Resources */ = {isa = PBXBuildFile; fileRef = 43E3A1942B2C5B8D0082050F /* girl_Amanda-3.jpg */; };
		43E3A1B12B2C5B8D0082050F /* girl_Amanda-1.jpg in Resources */ = {isa = PBXBuildFile; fileRef = 43E3A1952B2C5B8D0082050F /* girl_Amanda-1.jpg */; };
		43E3A1B22B2C5B8D0082050F /* girl_Ritam.jpg in Resources */ = {isa = PBXBuildFile; fileRef = 43E3A1962B2C5B8D0082050F /* girl_Ritam.jpg */; };
		43E3A1B32B2C5B8D0082050F /* girl_Vickychad.jpg in Resources */ = {isa = PBXBuildFile; fileRef = 43E3A1972B2C5B8D0082050F /* girl_Vickychad.jpg */; };
		43E3A1B42B2C5B8D0082050F /* girl_Elena.jpg in Resources */ = {isa = PBXBuildFile; fileRef = 43E3A1982B2C5B8D0082050F /* girl_Elena.jpg */; };
		43E3A1B52B2C5B8D0082050F /* girl_Sarah.jpg in Resources */ = {isa = PBXBuildFile; fileRef = 43E3A1992B2C5B8D0082050F /* girl_Sarah.jpg */; };
		43E3A1B62B2C5B8D0082050F /* girl_1.jpg in Resources */ = {isa = PBXBuildFile; fileRef = 43E3A19A2B2C5B8D0082050F /* girl_1.jpg */; };
		43E3A1B72B2C5B8D0082050F /* girl_Jessican.jpg in Resources */ = {isa = PBXBuildFile; fileRef = 43E3A19B2B2C5B8D0082050F /* girl_Jessican.jpg */; };
		43E3A1B82B2C5B8D0082050F /* girl_Ana.jpg in Resources */ = {isa = PBXBuildFile; fileRef = 43E3A19C2B2C5B8D0082050F /* girl_Ana.jpg */; };
		43E3A1B92B2C5B8D0082050F /* girl_Sutton.jpg in Resources */ = {isa = PBXBuildFile; fileRef = 43E3A19D2B2C5B8D0082050F /* girl_Sutton.jpg */; };
		43E3A1BA2B2C5B8D0082050F /* girl_big.jpg in Resources */ = {isa = PBXBuildFile; fileRef = 43E3A19E2B2C5B8D0082050F /* girl_big.jpg */; };
		43E3A1BB2B2C5B8D0082050F /* girl_grab.jpg in Resources */ = {isa = PBXBuildFile; fileRef = 43E3A19F2B2C5B8D0082050F /* girl_grab.jpg */; };
		43E3A1BC2B2C5B8D0082050F /* girl_Kenda.jpg in Resources */ = {isa = PBXBuildFile; fileRef = 43E3A1A02B2C5B8D0082050F /* girl_Kenda.jpg */; };
		43E3A1BD2B2C5B8D0082050F /* girl_Kennedy.jpg in Resources */ = {isa = PBXBuildFile; fileRef = 43E3A1A12B2C5B8D0082050F /* girl_Kennedy.jpg */; };
		43E3A1BE2B2C5B8D0082050F /* girl_lili.jpg in Resources */ = {isa = PBXBuildFile; fileRef = 43E3A1A22B2C5B8D0082050F /* girl_lili.jpg */; };
		43E3A1C12B2C5C340082050F /* data.json in Resources */ = {isa = PBXBuildFile; fileRef = 43E3A1C02B2C5C340082050F /* data.json */; };
		43E3A1E02B3144620082050F /* WaveAnimationButton.swift in Sources */ = {isa = PBXBuildFile; fileRef = 43E3A1DF2B3144620082050F /* WaveAnimationButton.swift */; };
		43E3A1E22B3144AF0082050F /* CircularRevealAnimator.swift in Sources */ = {isa = PBXBuildFile; fileRef = 43E3A1E12B3144AF0082050F /* CircularRevealAnimator.swift */; };
		43E3A1E42B314D950082050F /* String+Extension.swift in Sources */ = {isa = PBXBuildFile; fileRef = 43E3A1E32B314D950082050F /* String+Extension.swift */; };
		43E3A1E62B3152230082050F /* UIFont+Extension.swift in Sources */ = {isa = PBXBuildFile; fileRef = 43E3A1E52B3152230082050F /* UIFont+Extension.swift */; };
/* End PBXBuildFile section */

/* Begin PBXFileReference section */
		3821741135C545AF73DB5E6E /* Pods-StarFriend.release.xcconfig */ = {isa = PBXFileReference; includeInIndex = 1; lastKnownFileType = text.xcconfig; name = "Pods-StarFriend.release.xcconfig"; path = "Target Support Files/Pods-StarFriend/Pods-StarFriend.release.xcconfig"; sourceTree = "<group>"; };
		43297B352B2A165400A538D0 /* UIView+Extension.swift */ = {isa = PBXFileReference; fileEncoding = 4; lastKnownFileType = sourcecode.swift; path = "UIView+Extension.swift"; sourceTree = "<group>"; };
		43297B372B2A166B00A538D0 /* UserItem.swift */ = {isa = PBXFileReference; fileEncoding = 4; lastKnownFileType = sourcecode.swift; path = UserItem.swift; sourceTree = "<group>"; };
		43297B382B2A166B00A538D0 /* UserHomeViewController.swift */ = {isa = PBXFileReference; fileEncoding = 4; lastKnownFileType = sourcecode.swift; path = UserHomeViewController.swift; sourceTree = "<group>"; };
		43297B3B2B2A168200A538D0 /* UIColor+Extension.swift */ = {isa = PBXFileReference; fileEncoding = 4; lastKnownFileType = sourcecode.swift; path = "UIColor+Extension.swift"; sourceTree = "<group>"; };
		43297B3D2B2A174200A538D0 /* RadarTargetView.swift */ = {isa = PBXFileReference; fileEncoding = 4; lastKnownFileType = sourcecode.swift; path = RadarTargetView.swift; sourceTree = "<group>"; };
		43297B3F2B2A17CE00A538D0 /* FindFriendViewController.swift */ = {isa = PBXFileReference; fileEncoding = 4; lastKnownFileType = sourcecode.swift; path = FindFriendViewController.swift; sourceTree = "<group>"; };
		43297B412B2A17F900A538D0 /* RadarView.swift */ = {isa = PBXFileReference; fileEncoding = 4; lastKnownFileType = sourcecode.swift; path = RadarView.swift; sourceTree = "<group>"; };
		43297B612B2BFB2E00A538D0 /* AutoScrollLabel.swift */ = {isa = PBXFileReference; fileEncoding = 4; lastKnownFileType = sourcecode.swift; path = AutoScrollLabel.swift; sourceTree = "<group>"; };
		43297B632B2BFB4400A538D0 /* NoticeView.swift */ = {isa = PBXFileReference; fileEncoding = 4; lastKnownFileType = sourcecode.swift; path = NoticeView.swift; sourceTree = "<group>"; };
		43297B672B2C06D200A538D0 /* UserHomeCellRowModel.swift */ = {isa = PBXFileReference; lastKnownFileType = sourcecode.swift; path = UserHomeCellRowModel.swift; sourceTree = "<group>"; };
		43297B692B2C081000A538D0 /* UserProfileTableCell.swift */ = {isa = PBXFileReference; lastKnownFileType = sourcecode.swift; path = UserProfileTableCell.swift; sourceTree = "<group>"; };
		43297B6B2B2C083500A538D0 /* UserGalleryTableCell.swift */ = {isa = PBXFileReference; lastKnownFileType = sourcecode.swift; path = UserGalleryTableCell.swift; sourceTree = "<group>"; };
		43297B6D2B2C094B00A538D0 /* UserOtherInfoTableCell.swift */ = {isa = PBXFileReference; lastKnownFileType = sourcecode.swift; path = UserOtherInfoTableCell.swift; sourceTree = "<group>"; };
		4353A4FB2B29B3A5006C7CC4 /* StarFriend.app */ = {isa = PBXFileReference; explicitFileType = wrapper.application; includeInIndex = 0; path = StarFriend.app; sourceTree = BUILT_PRODUCTS_DIR; };
		4353A4FE2B29B3A5006C7CC4 /* AppDelegate.swift */ = {isa = PBXFileReference; lastKnownFileType = sourcecode.swift; path = AppDelegate.swift; sourceTree = "<group>"; };
		4353A5002B29B3A5006C7CC4 /* SceneDelegate.swift */ = {isa = PBXFileReference; lastKnownFileType = sourcecode.swift; path = SceneDelegate.swift; sourceTree = "<group>"; };
		4353A5072B29B3A5006C7CC4 /* Assets.xcassets */ = {isa = PBXFileReference; lastKnownFileType = folder.assetcatalog; path = Assets.xcassets; sourceTree = "<group>"; };
		4353A50A2B29B3A5006C7CC4 /* Base */ = {isa = PBXFileReference; lastKnownFileType = file.storyboard; name = Base; path = Base.lproj/LaunchScreen.storyboard; sourceTree = "<group>"; };
		4353A50C2B29B3A5006C7CC4 /* Info.plist */ = {isa = PBXFileReference; lastKnownFileType = text.plist.xml; path = Info.plist; sourceTree = "<group>"; };
		4353A5142B29B57C006C7CC4 /* ViewController.swift */ = {isa = PBXFileReference; fileEncoding = 4; lastKnownFileType = sourcecode.swift; path = ViewController.swift; sourceTree = "<group>"; };
		4353A5172B29B57C006C7CC4 /* ReportUserController.swift */ = {isa = PBXFileReference; fileEncoding = 4; lastKnownFileType = sourcecode.swift; path = ReportUserController.swift; sourceTree = "<group>"; };
		4353A5182B29B57C006C7CC4 /* UIImagePickerController+Rx.swift */ = {isa = PBXFileReference; fileEncoding = 4; lastKnownFileType = sourcecode.swift; path = "UIImagePickerController+Rx.swift"; sourceTree = "<group>"; };
		4353A5192B29B57C006C7CC4 /* RxImagePickerDelegateProxy.swift */ = {isa = PBXFileReference; fileEncoding = 4; lastKnownFileType = sourcecode.swift; path = RxImagePickerDelegateProxy.swift; sourceTree = "<group>"; };
		4353A51C2B29B57C006C7CC4 /* RadarIndicatorView.swift */ = {isa = PBXFileReference; fileEncoding = 4; lastKnownFileType = sourcecode.swift; path = RadarIndicatorView.swift; sourceTree = "<group>"; };
		4353A5222B29B57C006C7CC4 /* Feedbacks.swift */ = {isa = PBXFileReference; fileEncoding = 4; lastKnownFileType = sourcecode.swift; path = Feedbacks.swift; sourceTree = "<group>"; };
		4353A5242B29B57C006C7CC4 /* UIViewController+Extension.swift */ = {isa = PBXFileReference; fileEncoding = 4; lastKnownFileType = sourcecode.swift; path = "UIViewController+Extension.swift"; sourceTree = "<group>"; };
		4353A5252B29B57C006C7CC4 /* Observable+Extensions.swift */ = {isa = PBXFileReference; fileEncoding = 4; lastKnownFileType = sourcecode.swift; path = "Observable+Extensions.swift"; sourceTree = "<group>"; };
		4353A5262B29B57C006C7CC4 /* UIScreen.swift */ = {isa = PBXFileReference; fileEncoding = 4; lastKnownFileType = sourcecode.swift; path = UIScreen.swift; sourceTree = "<group>"; };
		4353A5282B29B57C006C7CC4 /* PseudoRandomGenerator.swift */ = {isa = PBXFileReference; fileEncoding = 4; lastKnownFileType = sourcecode.swift; path = PseudoRandomGenerator.swift; sourceTree = "<group>"; };
		4353A5292B29B57C006C7CC4 /* Randomizer.swift */ = {isa = PBXFileReference; fileEncoding = 4; lastKnownFileType = sourcecode.swift; path = Randomizer.swift; sourceTree = "<group>"; };
		4353A52A2B29B57C006C7CC4 /* NumberSectionView.swift */ = {isa = PBXFileReference; fileEncoding = 4; lastKnownFileType = sourcecode.swift; path = NumberSectionView.swift; sourceTree = "<group>"; };
		4353A52B2B29B57C006C7CC4 /* FriendListCell.swift */ = {isa = PBXFileReference; fileEncoding = 4; lastKnownFileType = sourcecode.swift; path = FriendListCell.swift; sourceTree = "<group>"; };
		4353A52C2B29B57C006C7CC4 /* FriendListController.swift */ = {isa = PBXFileReference; fileEncoding = 4; lastKnownFileType = sourcecode.swift; path = FriendListController.swift; sourceTree = "<group>"; };
		4353A52E2B29B57C006C7CC4 /* IAPManager.swift */ = {isa = PBXFileReference; fileEncoding = 4; lastKnownFileType = sourcecode.swift; path = IAPManager.swift; sourceTree = "<group>"; };
		4353A52F2B29B57C006C7CC4 /* AppleReceiptValidatorX.swift */ = {isa = PBXFileReference; fileEncoding = 4; lastKnownFileType = sourcecode.swift; path = AppleReceiptValidatorX.swift; sourceTree = "<group>"; };
		4353A5302B29B57C006C7CC4 /* StoreViewController.swift */ = {isa = PBXFileReference; fileEncoding = 4; lastKnownFileType = sourcecode.swift; path = StoreViewController.swift; sourceTree = "<group>"; };
		4353A5332B29B57C006C7CC4 /* ChatViewController.swift */ = {isa = PBXFileReference; fileEncoding = 4; lastKnownFileType = sourcecode.swift; path = ChatViewController.swift; sourceTree = "<group>"; };
		4353A5352B29B57C006C7CC4 /* SendMessageViewController.swift */ = {isa = PBXFileReference; fileEncoding = 4; lastKnownFileType = sourcecode.swift; path = SendMessageViewController.swift; sourceTree = "<group>"; };
		4353A5362B29B57C006C7CC4 /* SendMessageAPI.swift */ = {isa = PBXFileReference; fileEncoding = 4; lastKnownFileType = sourcecode.swift; path = SendMessageAPI.swift; sourceTree = "<group>"; };
		4353A5372B29B57C006C7CC4 /* ChatMessageCell.swift */ = {isa = PBXFileReference; fileEncoding = 4; lastKnownFileType = sourcecode.swift; path = ChatMessageCell.swift; sourceTree = "<group>"; };
		4353A5542B29B5B4006C7CC4 /* TabViewController.swift */ = {isa = PBXFileReference; fileEncoding = 4; lastKnownFileType = sourcecode.swift; path = TabViewController.swift; sourceTree = "<group>"; };
		43E3A1872B2C5B8D0082050F /* boy_Aadil.jpg */ = {isa = PBXFileReference; lastKnownFileType = image.jpeg; path = boy_Aadil.jpg; sourceTree = "<group>"; };
		43E3A1882B2C5B8D0082050F /* boy_Zoom.jpg */ = {isa = PBXFileReference; lastKnownFileType = image.jpeg; path = boy_Zoom.jpg; sourceTree = "<group>"; };
		43E3A1892B2C5B8D0082050F /* boy_Hamed.jpg */ = {isa = PBXFileReference; lastKnownFileType = image.jpeg; path = boy_Hamed.jpg; sourceTree = "<group>"; };
		43E3A18A2B2C5B8D0082050F /* boy_Nikki.jpg */ = {isa = PBXFileReference; lastKnownFileType = image.jpeg; path = boy_Nikki.jpg; sourceTree = "<group>"; };
		43E3A18B2B2C5B8D0082050F /* boy_BossMan.jpg */ = {isa = PBXFileReference; lastKnownFileType = image.jpeg; path = boy_BossMan.jpg; sourceTree = "<group>"; };
		43E3A18C2B2C5B8D0082050F /* boy_Ebony.jpg */ = {isa = PBXFileReference; lastKnownFileType = image.jpeg; path = boy_Ebony.jpg; sourceTree = "<group>"; };
		43E3A18D2B2C5B8D0082050F /* boy_Amoil.jpg */ = {isa = PBXFileReference; lastKnownFileType = image.jpeg; path = boy_Amoil.jpg; sourceTree = "<group>"; };
		43E3A18E2B2C5B8D0082050F /* boy_Christian.jpg */ = {isa = PBXFileReference; lastKnownFileType = image.jpeg; path = boy_Christian.jpg; sourceTree = "<group>"; };
		43E3A18F2B2C5B8D0082050F /* boy_SK.jpg */ = {isa = PBXFileReference; lastKnownFileType = image.jpeg; path = boy_SK.jpg; sourceTree = "<group>"; };
		43E3A1902B2C5B8D0082050F /* boy_Cam.jpg */ = {isa = PBXFileReference; lastKnownFileType = image.jpeg; path = boy_Cam.jpg; sourceTree = "<group>"; };
		43E3A1922B2C5B8D0082050F /* girl_Susan.jpg */ = {isa = PBXFileReference; lastKnownFileType = image.jpeg; path = girl_Susan.jpg; sourceTree = "<group>"; };
		43E3A1932B2C5B8D0082050F /* girl_Amanda-2.jpg */ = {isa = PBXFileReference; lastKnownFileType = image.jpeg; path = "girl_Amanda-2.jpg"; sourceTree = "<group>"; };
		43E3A1942B2C5B8D0082050F /* girl_Amanda-3.jpg */ = {isa = PBXFileReference; lastKnownFileType = image.jpeg; path = "girl_Amanda-3.jpg"; sourceTree = "<group>"; };
		43E3A1952B2C5B8D0082050F /* girl_Amanda-1.jpg */ = {isa = PBXFileReference; lastKnownFileType = image.jpeg; path = "girl_Amanda-1.jpg"; sourceTree = "<group>"; };
		43E3A1962B2C5B8D0082050F /* girl_Ritam.jpg */ = {isa = PBXFileReference; lastKnownFileType = image.jpeg; path = girl_Ritam.jpg; sourceTree = "<group>"; };
		43E3A1972B2C5B8D0082050F /* girl_Vickychad.jpg */ = {isa = PBXFileReference; lastKnownFileType = image.jpeg; path = girl_Vickychad.jpg; sourceTree = "<group>"; };
		43E3A1982B2C5B8D0082050F /* girl_Elena.jpg */ = {isa = PBXFileReference; lastKnownFileType = image.jpeg; path = girl_Elena.jpg; sourceTree = "<group>"; };
		43E3A1992B2C5B8D0082050F /* girl_Sarah.jpg */ = {isa = PBXFileReference; lastKnownFileType = image.jpeg; path = girl_Sarah.jpg; sourceTree = "<group>"; };
		43E3A19A2B2C5B8D0082050F /* girl_1.jpg */ = {isa = PBXFileReference; lastKnownFileType = image.jpeg; path = girl_1.jpg; sourceTree = "<group>"; };
		43E3A19B2B2C5B8D0082050F /* girl_Jessican.jpg */ = {isa = PBXFileReference; lastKnownFileType = image.jpeg; path = girl_Jessican.jpg; sourceTree = "<group>"; };
		43E3A19C2B2C5B8D0082050F /* girl_Ana.jpg */ = {isa = PBXFileReference; lastKnownFileType = image.jpeg; path = girl_Ana.jpg; sourceTree = "<group>"; };
		43E3A19D2B2C5B8D0082050F /* girl_Sutton.jpg */ = {isa = PBXFileReference; lastKnownFileType = image.jpeg; path = girl_Sutton.jpg; sourceTree = "<group>"; };
		43E3A19E2B2C5B8D0082050F /* girl_big.jpg */ = {isa = PBXFileReference; lastKnownFileType = image.jpeg; path = girl_big.jpg; sourceTree = "<group>"; };
		43E3A19F2B2C5B8D0082050F /* girl_grab.jpg */ = {isa = PBXFileReference; lastKnownFileType = image.jpeg; path = girl_grab.jpg; sourceTree = "<group>"; };
		43E3A1A02B2C5B8D0082050F /* girl_Kenda.jpg */ = {isa = PBXFileReference; lastKnownFileType = image.jpeg; path = girl_Kenda.jpg; sourceTree = "<group>"; };
		43E3A1A12B2C5B8D0082050F /* girl_Kennedy.jpg */ = {isa = PBXFileReference; lastKnownFileType = image.jpeg; path = girl_Kennedy.jpg; sourceTree = "<group>"; };
		43E3A1A22B2C5B8D0082050F /* girl_lili.jpg */ = {isa = PBXFileReference; lastKnownFileType = image.jpeg; path = girl_lili.jpg; sourceTree = "<group>"; };
		43E3A1C02B2C5C340082050F /* data.json */ = {isa = PBXFileReference; fileEncoding = 4; lastKnownFileType = text.json; path = data.json; sourceTree = "<group>"; };
		43E3A1DF2B3144620082050F /* WaveAnimationButton.swift */ = {isa = PBXFileReference; lastKnownFileType = sourcecode.swift; path = WaveAnimationButton.swift; sourceTree = "<group>"; };
		43E3A1E12B3144AF0082050F /* CircularRevealAnimator.swift */ = {isa = PBXFileReference; lastKnownFileType = sourcecode.swift; path = CircularRevealAnimator.swift; sourceTree = "<group>"; };
		43E3A1E32B314D950082050F /* String+Extension.swift */ = {isa = PBXFileReference; lastKnownFileType = sourcecode.swift; path = "String+Extension.swift"; sourceTree = "<group>"; };
		43E3A1E52B3152230082050F /* UIFont+Extension.swift */ = {isa = PBXFileReference; lastKnownFileType = sourcecode.swift; path = "UIFont+Extension.swift"; sourceTree = "<group>"; };
		64DA2EA4824AFD16BB8B1F75 /* Pods_StarFriend.framework */ = {isa = PBXFileReference; explicitFileType = wrapper.framework; includeInIndex = 0; path = Pods_StarFriend.framework; sourceTree = BUILT_PRODUCTS_DIR; };
		8D82CFBC2218EF290CAA07A4 /* Pods-StarFriend.debug.xcconfig */ = {isa = PBXFileReference; includeInIndex = 1; lastKnownFileType = text.xcconfig; name = "Pods-StarFriend.debug.xcconfig"; path = "Target Support Files/Pods-StarFriend/Pods-StarFriend.debug.xcconfig"; sourceTree = "<group>"; };
/* End PBXFileReference section */

/* Begin PBXFrameworksBuildPhase section */
		4353A4F82B29B3A5006C7CC4 /* Frameworks */ = {
			isa = PBXFrameworksBuildPhase;
			buildActionMask = 2147483647;
			files = (
				0B5249E62D9C0BA300127E9C /* Pods_StarFriend.framework in Frameworks */,
			);
			runOnlyForDeploymentPostprocessing = 0;
		};
/* End PBXFrameworksBuildPhase section */

/* Begin PBXGroup section */
		43297B462B2B33ED00A538D0 /* UserHome */ = {
			isa = PBXGroup;
			children = (
				43297B382B2A166B00A538D0 /* UserHomeViewController.swift */,
				43297B372B2A166B00A538D0 /* UserItem.swift */,
				43297B672B2C06D200A538D0 /* UserHomeCellRowModel.swift */,
				43297B692B2C081000A538D0 /* UserProfileTableCell.swift */,
				43297B6B2B2C083500A538D0 /* UserGalleryTableCell.swift */,
				43297B6D2B2C094B00A538D0 /* UserOtherInfoTableCell.swift */,
			);
			path = UserHome;
			sourceTree = "<group>";
		};
		43297B602B2BF70500A538D0 /* API */ = {
			isa = PBXGroup;
			children = (
				4353A5362B29B57C006C7CC4 /* SendMessageAPI.swift */,
			);
			path = API;
			sourceTree = "<group>";
		};
		4353A4F22B29B3A5006C7CC4 = {
			isa = PBXGroup;
			children = (
				4353A4FD2B29B3A5006C7CC4 /* StarFriend */,
				4353A4FC2B29B3A5006C7CC4 /* Products */,
				76B9967183C0C2CF1FA6C19D /* Pods */,
				7D84320B89CE1D36C8137C2B /* Frameworks */,
			);
			sourceTree = "<group>";
		};
		4353A4FC2B29B3A5006C7CC4 /* Products */ = {
			isa = PBXGroup;
			children = (
				4353A4FB2B29B3A5006C7CC4 /* StarFriend.app */,
			);
			name = Products;
			sourceTree = "<group>";
		};
		4353A4FD2B29B3A5006C7CC4 /* StarFriend */ = {
			isa = PBXGroup;
			children = (
				4353A5122B29B572006C7CC4 /* APP */,
				4353A4FE2B29B3A5006C7CC4 /* AppDelegate.swift */,
				4353A5002B29B3A5006C7CC4 /* SceneDelegate.swift */,
				4353A5072B29B3A5006C7CC4 /* Assets.xcassets */,
				4353A5092B29B3A5006C7CC4 /* LaunchScreen.storyboard */,
				4353A50C2B29B3A5006C7CC4 /* Info.plist */,
				43E3A1852B2C5B8D0082050F /* avatar */,
			);
			path = StarFriend;
			sourceTree = "<group>";
		};
		4353A5122B29B572006C7CC4 /* APP */ = {
			isa = PBXGroup;
			children = (
				43297B602B2BF70500A538D0 /* API */,
				4353A5132B29B57C006C7CC4 /* BaseController */,
				4353A5322B29B57C006C7CC4 /* Chat */,
				4353A51A2B29B57C006C7CC4 /* FindFriend */,
				4353A5272B29B57C006C7CC4 /* FirendList */,
				4353A52D2B29B57C006C7CC4 /* IAP */,
				4353A5162B29B57C006C7CC4 /* Report */,
				4353A5542B29B5B4006C7CC4 /* TabViewController.swift */,
				43297B462B2B33ED00A538D0 /* UserHome */,
				4353A5212B29B57C006C7CC4 /* Utils */,
			);
			path = APP;
			sourceTree = "<group>";
		};
		4353A5132B29B57C006C7CC4 /* BaseController */ = {
			isa = PBXGroup;
			children = (
				4353A5142B29B57C006C7CC4 /* ViewController.swift */,
			);
			path = BaseController;
			sourceTree = "<group>";
		};
		4353A5162B29B57C006C7CC4 /* Report */ = {
			isa = PBXGroup;
			children = (
				4353A5172B29B57C006C7CC4 /* ReportUserController.swift */,
				4353A5182B29B57C006C7CC4 /* UIImagePickerController+Rx.swift */,
				4353A5192B29B57C006C7CC4 /* RxImagePickerDelegateProxy.swift */,
			);
			path = Report;
			sourceTree = "<group>";
		};
		4353A51A2B29B57C006C7CC4 /* FindFriend */ = {
			isa = PBXGroup;
			children = (
				43297B3F2B2A17CE00A538D0 /* FindFriendViewController.swift */,
				4353A51B2B29B57C006C7CC4 /* RadarView */,
			);
			path = FindFriend;
			sourceTree = "<group>";
		};
		4353A51B2B29B57C006C7CC4 /* RadarView */ = {
			isa = PBXGroup;
			children = (
				4353A51C2B29B57C006C7CC4 /* RadarIndicatorView.swift */,
				43297B412B2A17F900A538D0 /* RadarView.swift */,
				43297B3D2B2A174200A538D0 /* RadarTargetView.swift */,
			);
			path = RadarView;
			sourceTree = "<group>";
		};
		4353A5212B29B57C006C7CC4 /* Utils */ = {
			isa = PBXGroup;
			children = (
				43297B632B2BFB4400A538D0 /* NoticeView.swift */,
				43297B612B2BFB2E00A538D0 /* AutoScrollLabel.swift */,
				4353A5222B29B57C006C7CC4 /* Feedbacks.swift */,
				43297B3B2B2A168200A538D0 /* UIColor+Extension.swift */,
				4353A5242B29B57C006C7CC4 /* UIViewController+Extension.swift */,
				43297B352B2A165400A538D0 /* UIView+Extension.swift */,
				4353A5252B29B57C006C7CC4 /* Observable+Extensions.swift */,
				4353A5262B29B57C006C7CC4 /* UIScreen.swift */,
				43E3A1DF2B3144620082050F /* WaveAnimationButton.swift */,
				43E3A1E12B3144AF0082050F /* CircularRevealAnimator.swift */,
				43E3A1E32B314D950082050F /* String+Extension.swift */,
				43E3A1E52B3152230082050F /* UIFont+Extension.swift */,
			);
			path = Utils;
			sourceTree = "<group>";
		};
		4353A5272B29B57C006C7CC4 /* FirendList */ = {
			isa = PBXGroup;
			children = (
				4353A5282B29B57C006C7CC4 /* PseudoRandomGenerator.swift */,
				4353A5292B29B57C006C7CC4 /* Randomizer.swift */,
				4353A52A2B29B57C006C7CC4 /* NumberSectionView.swift */,
				4353A52B2B29B57C006C7CC4 /* FriendListCell.swift */,
				4353A52C2B29B57C006C7CC4 /* FriendListController.swift */,
			);
			path = FirendList;
			sourceTree = "<group>";
		};
		4353A52D2B29B57C006C7CC4 /* IAP */ = {
			isa = PBXGroup;
			children = (
				4353A52E2B29B57C006C7CC4 /* IAPManager.swift */,
				4353A52F2B29B57C006C7CC4 /* AppleReceiptValidatorX.swift */,
				4353A5302B29B57C006C7CC4 /* StoreViewController.swift */,
			);
			path = IAP;
			sourceTree = "<group>";
		};
		4353A5322B29B57C006C7CC4 /* Chat */ = {
			isa = PBXGroup;
			children = (
				4353A5332B29B57C006C7CC4 /* ChatViewController.swift */,
				4353A5352B29B57C006C7CC4 /* SendMessageViewController.swift */,
				4353A5372B29B57C006C7CC4 /* ChatMessageCell.swift */,
			);
			path = Chat;
			sourceTree = "<group>";
		};
		43E3A1852B2C5B8D0082050F /* avatar */ = {
			isa = PBXGroup;
			children = (
				43E3A1C02B2C5C340082050F /* data.json */,
				43E3A1862B2C5B8D0082050F /* boy */,
				43E3A1912B2C5B8D0082050F /* girl */,
			);
			path = avatar;
			sourceTree = "<group>";
		};
		43E3A1862B2C5B8D0082050F /* boy */ = {
			isa = PBXGroup;
			children = (
				43E3A1872B2C5B8D0082050F /* boy_Aadil.jpg */,
				43E3A1882B2C5B8D0082050F /* boy_Zoom.jpg */,
				43E3A1892B2C5B8D0082050F /* boy_Hamed.jpg */,
				43E3A18A2B2C5B8D0082050F /* boy_Nikki.jpg */,
				43E3A18B2B2C5B8D0082050F /* boy_BossMan.jpg */,
				43E3A18C2B2C5B8D0082050F /* boy_Ebony.jpg */,
				43E3A18D2B2C5B8D0082050F /* boy_Amoil.jpg */,
				43E3A18E2B2C5B8D0082050F /* boy_Christian.jpg */,
				43E3A18F2B2C5B8D0082050F /* boy_SK.jpg */,
				43E3A1902B2C5B8D0082050F /* boy_Cam.jpg */,
			);
			path = boy;
			sourceTree = "<group>";
		};
		43E3A1912B2C5B8D0082050F /* girl */ = {
			isa = PBXGroup;
			children = (
				43E3A1922B2C5B8D0082050F /* girl_Susan.jpg */,
				43E3A1932B2C5B8D0082050F /* girl_Amanda-2.jpg */,
				43E3A1942B2C5B8D0082050F /* girl_Amanda-3.jpg */,
				43E3A1952B2C5B8D0082050F /* girl_Amanda-1.jpg */,
				43E3A1962B2C5B8D0082050F /* girl_Ritam.jpg */,
				43E3A1972B2C5B8D0082050F /* girl_Vickychad.jpg */,
				43E3A1982B2C5B8D0082050F /* girl_Elena.jpg */,
				43E3A1992B2C5B8D0082050F /* girl_Sarah.jpg */,
				43E3A19A2B2C5B8D0082050F /* girl_1.jpg */,
				43E3A19B2B2C5B8D0082050F /* girl_Jessican.jpg */,
				43E3A19C2B2C5B8D0082050F /* girl_Ana.jpg */,
				43E3A19D2B2C5B8D0082050F /* girl_Sutton.jpg */,
				43E3A19E2B2C5B8D0082050F /* girl_big.jpg */,
				43E3A19F2B2C5B8D0082050F /* girl_grab.jpg */,
				43E3A1A02B2C5B8D0082050F /* girl_Kenda.jpg */,
				43E3A1A12B2C5B8D0082050F /* girl_Kennedy.jpg */,
				43E3A1A22B2C5B8D0082050F /* girl_lili.jpg */,
			);
			path = girl;
			sourceTree = "<group>";
		};
		76B9967183C0C2CF1FA6C19D /* Pods */ = {
			isa = PBXGroup;
			children = (
				8D82CFBC2218EF290CAA07A4 /* Pods-StarFriend.debug.xcconfig */,
				3821741135C545AF73DB5E6E /* Pods-StarFriend.release.xcconfig */,
			);
			path = Pods;
			sourceTree = "<group>";
		};
		7D84320B89CE1D36C8137C2B /* Frameworks */ = {
			isa = PBXGroup;
			children = (
				64DA2EA4824AFD16BB8B1F75 /* Pods_StarFriend.framework */,
			);
			name = Frameworks;
			sourceTree = "<group>";
		};
/* End PBXGroup section */

/* Begin PBXNativeTarget section */
		4353A4FA2B29B3A5006C7CC4 /* StarFriend */ = {
			isa = PBXNativeTarget;
			buildConfigurationList = 4353A50F2B29B3A5006C7CC4 /* Build configuration list for PBXNativeTarget "StarFriend" */;
			buildPhases = (
				7095F432D360B0ED20EF7332 /* [CP] Check Pods Manifest.lock */,
				4353A4F72B29B3A5006C7CC4 /* Sources */,
				4353A4F82B29B3A5006C7CC4 /* Frameworks */,
				4353A4F92B29B3A5006C7CC4 /* Resources */,
				E360C59F322F2C6BBFE20C13 /* [CP] Embed Pods Frameworks */,
			);
			buildRules = (
			);
			dependencies = (
			);
			name = StarFriend;
			productName = StarFriend;
			productReference = 4353A4FB2B29B3A5006C7CC4 /* StarFriend.app */;
			productType = "com.apple.product-type.application";
		};
/* End PBXNativeTarget section */

/* Begin PBXProject section */
		4353A4F32B29B3A5006C7CC4 /* Project object */ = {
			isa = PBXProject;
			attributes = {
				BuildIndependentTargetsInParallel = 1;
				LastSwiftUpdateCheck = 1500;
				LastUpgradeCheck = 1500;
				TargetAttributes = {
					4353A4FA2B29B3A5006C7CC4 = {
						CreatedOnToolsVersion = 15.0.1;
					};
				};
			};
			buildConfigurationList = 4353A4F62B29B3A5006C7CC4 /* Build configuration list for PBXProject "StarFriend" */;
			compatibilityVersion = "Xcode 14.0";
			developmentRegion = en;
			hasScannedForEncodings = 0;
			knownRegions = (
				en,
				Base,
			);
			mainGroup = 4353A4F22B29B3A5006C7CC4;
			productRefGroup = 4353A4FC2B29B3A5006C7CC4 /* Products */;
			projectDirPath = "";
			projectRoot = "";
			targets = (
				4353A4FA2B29B3A5006C7CC4 /* StarFriend */,
			);
		};
/* End PBXProject section */

/* Begin PBXResourcesBuildPhase section */
		4353A4F92B29B3A5006C7CC4 /* Resources */ = {
			isa = PBXResourcesBuildPhase;
			buildActionMask = 2147483647;
			files = (
				43E3A1B92B2C5B8D0082050F /* girl_Sutton.jpg in Resources */,
				4353A50B2B29B3A5006C7CC4 /* LaunchScreen.storyboard in Resources */,
				43E3A1AA2B2C5B8D0082050F /* boy_Amoil.jpg in Resources */,
				43E3A1BE2B2C5B8D0082050F /* girl_lili.jpg in Resources */,
				43E3A1AB2B2C5B8D0082050F /* boy_Christian.jpg in Resources */,
				43E3A1B72B2C5B8D0082050F /* girl_Jessican.jpg in Resources */,
				43E3A1A82B2C5B8D0082050F /* boy_BossMan.jpg in Resources */,
				43E3A1AD2B2C5B8D0082050F /* boy_Cam.jpg in Resources */,
				43E3A1BC2B2C5B8D0082050F /* girl_Kenda.jpg in Resources */,
				43E3A1A92B2C5B8D0082050F /* boy_Ebony.jpg in Resources */,
				43E3A1B22B2C5B8D0082050F /* girl_Ritam.jpg in Resources */,
				43E3A1BB2B2C5B8D0082050F /* girl_grab.jpg in Resources */,
				43E3A1A72B2C5B8D0082050F /* boy_Nikki.jpg in Resources */,
				43E3A1B62B2C5B8D0082050F /* girl_1.jpg in Resources */,
				43E3A1AE2B2C5B8D0082050F /* girl_Susan.jpg in Resources */,
				43E3A1B52B2C5B8D0082050F /* girl_Sarah.jpg in Resources */,
				43E3A1B82B2C5B8D0082050F /* girl_Ana.jpg in Resources */,
				43E3A1AC2B2C5B8D0082050F /* boy_SK.jpg in Resources */,
				43E3A1A62B2C5B8D0082050F /* boy_Hamed.jpg in Resources */,
				43E3A1AF2B2C5B8D0082050F /* girl_Amanda-2.jpg in Resources */,
				43E3A1A52B2C5B8D0082050F /* boy_Zoom.jpg in Resources */,
				43E3A1A42B2C5B8D0082050F /* boy_Aadil.jpg in Resources */,
				43E3A1B12B2C5B8D0082050F /* girl_Amanda-1.jpg in Resources */,
				43E3A1BD2B2C5B8D0082050F /* girl_Kennedy.jpg in Resources */,
				43E3A1B02B2C5B8D0082050F /* girl_Amanda-3.jpg in Resources */,
				43E3A1B32B2C5B8D0082050F /* girl_Vickychad.jpg in Resources */,
				43E3A1B42B2C5B8D0082050F /* girl_Elena.jpg in Resources */,
				4353A5082B29B3A5006C7CC4 /* Assets.xcassets in Resources */,
				43E3A1BA2B2C5B8D0082050F /* girl_big.jpg in Resources */,
				43E3A1C12B2C5C340082050F /* data.json in Resources */,
			);
			runOnlyForDeploymentPostprocessing = 0;
		};
/* End PBXResourcesBuildPhase section */

/* Begin PBXShellScriptBuildPhase section */
		7095F432D360B0ED20EF7332 /* [CP] Check Pods Manifest.lock */ = {
			isa = PBXShellScriptBuildPhase;
			buildActionMask = 2147483647;
			files = (
			);
			inputFileListPaths = (
			);
			inputPaths = (
				"${PODS_PODFILE_DIR_PATH}/Podfile.lock",
				"${PODS_ROOT}/Manifest.lock",
			);
			name = "[CP] Check Pods Manifest.lock";
			outputFileListPaths = (
			);
			outputPaths = (
				"$(DERIVED_FILE_DIR)/Pods-StarFriend-checkManifestLockResult.txt",
			);
			runOnlyForDeploymentPostprocessing = 0;
			shellPath = /bin/sh;
			shellScript = "diff \"${PODS_PODFILE_DIR_PATH}/Podfile.lock\" \"${PODS_ROOT}/Manifest.lock\" > /dev/null\nif [ $? != 0 ] ; then\n    # print error to STDERR\n    echo \"error: The sandbox is not in sync with the Podfile.lock. Run 'pod install' or update your CocoaPods installation.\" >&2\n    exit 1\nfi\n# This output is used by Xcode 'outputs' to avoid re-running this script phase.\necho \"SUCCESS\" > \"${SCRIPT_OUTPUT_FILE_0}\"\n";
			showEnvVarsInLog = 0;
		};
		E360C59F322F2C6BBFE20C13 /* [CP] Embed Pods Frameworks */ = {
			isa = PBXShellScriptBuildPhase;
			buildActionMask = 2147483647;
			files = (
			);
			inputFileListPaths = (
				"${PODS_ROOT}/Target Support Files/Pods-StarFriend/Pods-StarFriend-frameworks-${CONFIGURATION}-input-files.xcfilelist",
			);
			name = "[CP] Embed Pods Frameworks";
			outputFileListPaths = (
				"${PODS_ROOT}/Target Support Files/Pods-StarFriend/Pods-StarFriend-frameworks-${CONFIGURATION}-output-files.xcfilelist",
			);
			runOnlyForDeploymentPostprocessing = 0;
			shellPath = /bin/sh;
			shellScript = "\"${PODS_ROOT}/Target Support Files/Pods-StarFriend/Pods-StarFriend-frameworks.sh\"\n";
			showEnvVarsInLog = 0;
		};
/* End PBXShellScriptBuildPhase section */

/* Begin PBXSourcesBuildPhase section */
		4353A4F72B29B3A5006C7CC4 /* Sources */ = {
			isa = PBXSourcesBuildPhase;
			buildActionMask = 2147483647;
			files = (
				4353A54C2B29B57C006C7CC4 /* IAPManager.swift in Sources */,
				4353A54A2B29B57C006C7CC4 /* FriendListCell.swift in Sources */,
				4353A5442B29B57C006C7CC4 /* UIViewController+Extension.swift in Sources */,
				43297B3C2B2A168200A538D0 /* UIColor+Extension.swift in Sources */,
				43297B682B2C06D200A538D0 /* UserHomeCellRowModel.swift in Sources */,
				4353A54E2B29B57C006C7CC4 /* StoreViewController.swift in Sources */,
				4353A53D2B29B57C006C7CC4 /* RadarIndicatorView.swift in Sources */,
				4353A5552B29B5B4006C7CC4 /* TabViewController.swift in Sources */,
				43E3A1E42B314D950082050F /* String+Extension.swift in Sources */,
				4353A5532B29B57C006C7CC4 /* ChatMessageCell.swift in Sources */,
				4353A5482B29B57C006C7CC4 /* Randomizer.swift in Sources */,
				43297B6A2B2C081000A538D0 /* UserProfileTableCell.swift in Sources */,
				4353A5472B29B57C006C7CC4 /* PseudoRandomGenerator.swift in Sources */,
				4353A4FF2B29B3A5006C7CC4 /* AppDelegate.swift in Sources */,
				43E3A1E22B3144AF0082050F /* CircularRevealAnimator.swift in Sources */,
				4353A53B2B29B57C006C7CC4 /* UIImagePickerController+Rx.swift in Sources */,
				43297B642B2BFB4400A538D0 /* NoticeView.swift in Sources */,
				4353A5512B29B57C006C7CC4 /* SendMessageViewController.swift in Sources */,
				4353A53A2B29B57C006C7CC4 /* ReportUserController.swift in Sources */,
				43E3A1E02B3144620082050F /* WaveAnimationButton.swift in Sources */,
				4353A5492B29B57C006C7CC4 /* NumberSectionView.swift in Sources */,
				43297B422B2A17F900A538D0 /* RadarView.swift in Sources */,
				4353A5422B29B57C006C7CC4 /* Feedbacks.swift in Sources */,
				43297B402B2A17CE00A538D0 /* FindFriendViewController.swift in Sources */,
				4353A5382B29B57C006C7CC4 /* ViewController.swift in Sources */,
				43297B3A2B2A166B00A538D0 /* UserHomeViewController.swift in Sources */,
				4353A54B2B29B57C006C7CC4 /* FriendListController.swift in Sources */,
				43297B392B2A166B00A538D0 /* UserItem.swift in Sources */,
				4353A5462B29B57C006C7CC4 /* UIScreen.swift in Sources */,
				4353A5452B29B57C006C7CC4 /* Observable+Extensions.swift in Sources */,
				4353A5522B29B57C006C7CC4 /* SendMessageAPI.swift in Sources */,
				43297B6C2B2C083500A538D0 /* UserGalleryTableCell.swift in Sources */,
				43297B362B2A165400A538D0 /* UIView+Extension.swift in Sources */,
				4353A53C2B29B57C006C7CC4 /* RxImagePickerDelegateProxy.swift in Sources */,
				43297B3E2B2A174200A538D0 /* RadarTargetView.swift in Sources */,
				4353A54D2B29B57C006C7CC4 /* AppleReceiptValidatorX.swift in Sources */,
				4353A54F2B29B57C006C7CC4 /* ChatViewController.swift in Sources */,
				43E3A1E62B3152230082050F /* UIFont+Extension.swift in Sources */,
				43297B622B2BFB2E00A538D0 /* AutoScrollLabel.swift in Sources */,
				43297B6E2B2C094B00A538D0 /* UserOtherInfoTableCell.swift in Sources */,
				4353A5012B29B3A5006C7CC4 /* SceneDelegate.swift in Sources */,
			);
			runOnlyForDeploymentPostprocessing = 0;
		};
/* End PBXSourcesBuildPhase section */

/* Begin PBXVariantGroup section */
		4353A5092B29B3A5006C7CC4 /* LaunchScreen.storyboard */ = {
			isa = PBXVariantGroup;
			children = (
				4353A50A2B29B3A5006C7CC4 /* Base */,
			);
			name = LaunchScreen.storyboard;
			sourceTree = "<group>";
		};
/* End PBXVariantGroup section */

/* Begin XCBuildConfiguration section */
		4353A50D2B29B3A5006C7CC4 /* Debug */ = {
			isa = XCBuildConfiguration;
			buildSettings = {
				ALWAYS_SEARCH_USER_PATHS = NO;
				ASSETCATALOG_COMPILER_GENERATE_SWIFT_ASSET_SYMBOL_EXTENSIONS = YES;
				CLANG_ANALYZER_NONNULL = YES;
				CLANG_ANALYZER_NUMBER_OBJECT_CONVERSION = YES_AGGRESSIVE;
				CLANG_CXX_LANGUAGE_STANDARD = "gnu++20";
				CLANG_ENABLE_MODULES = YES;
				CLANG_ENABLE_OBJC_ARC = YES;
				CLANG_ENABLE_OBJC_WEAK = YES;
				CLANG_WARN_BLOCK_CAPTURE_AUTORELEASING = YES;
				CLANG_WARN_BOOL_CONVERSION = YES;
				CLANG_WARN_COMMA = YES;
				CLANG_WARN_CONSTANT_CONVERSION = YES;
				CLANG_WARN_DEPRECATED_OBJC_IMPLEMENTATIONS = YES;
				CLANG_WARN_DIRECT_OBJC_ISA_USAGE = YES_ERROR;
				CLANG_WARN_DOCUMENTATION_COMMENTS = YES;
				CLANG_WARN_EMPTY_BODY = YES;
				CLANG_WARN_ENUM_CONVERSION = YES;
				CLANG_WARN_INFINITE_RECURSION = YES;
				CLANG_WARN_INT_CONVERSION = YES;
				CLANG_WARN_NON_LITERAL_NULL_CONVERSION = YES;
				CLANG_WARN_OBJC_IMPLICIT_RETAIN_SELF = YES;
				CLANG_WARN_OBJC_LITERAL_CONVERSION = YES;
				CLANG_WARN_OBJC_ROOT_CLASS = YES_ERROR;
				CLANG_WARN_QUOTED_INCLUDE_IN_FRAMEWORK_HEADER = YES;
				CLANG_WARN_RANGE_LOOP_ANALYSIS = YES;
				CLANG_WARN_STRICT_PROTOTYPES = YES;
				CLANG_WARN_SUSPICIOUS_MOVE = YES;
				CLANG_WARN_UNGUARDED_AVAILABILITY = YES_AGGRESSIVE;
				CLANG_WARN_UNREACHABLE_CODE = YES;
				CLANG_WARN__DUPLICATE_METHOD_MATCH = YES;
				COPY_PHASE_STRIP = NO;
				DEBUG_INFORMATION_FORMAT = dwarf;
				ENABLE_STRICT_OBJC_MSGSEND = YES;
				ENABLE_TESTABILITY = YES;
				ENABLE_USER_SCRIPT_SANDBOXING = NO;
				GCC_C_LANGUAGE_STANDARD = gnu17;
				GCC_DYNAMIC_NO_PIC = NO;
				GCC_NO_COMMON_BLOCKS = YES;
				GCC_OPTIMIZATION_LEVEL = 0;
				GCC_PREPROCESSOR_DEFINITIONS = (
					"DEBUG=1",
					"$(inherited)",
				);
				GCC_WARN_64_TO_32_BIT_CONVERSION = YES;
				GCC_WARN_ABOUT_RETURN_TYPE = YES_ERROR;
				GCC_WARN_UNDECLARED_SELECTOR = YES;
				GCC_WARN_UNINITIALIZED_AUTOS = YES_AGGRESSIVE;
				GCC_WARN_UNUSED_FUNCTION = YES;
				GCC_WARN_UNUSED_VARIABLE = YES;
				IPHONEOS_DEPLOYMENT_TARGET = 17.0;
				LOCALIZATION_PREFERS_STRING_CATALOGS = YES;
				MTL_ENABLE_DEBUG_INFO = INCLUDE_SOURCE;
				MTL_FAST_MATH = YES;
				ONLY_ACTIVE_ARCH = YES;
				SDKROOT = iphoneos;
				SWIFT_ACTIVE_COMPILATION_CONDITIONS = "DEBUG $(inherited)";
				SWIFT_OPTIMIZATION_LEVEL = "-Onone";
			};
			name = Debug;
		};
		4353A50E2B29B3A5006C7CC4 /* Release */ = {
			isa = XCBuildConfiguration;
			buildSettings = {
				ALWAYS_SEARCH_USER_PATHS = NO;
				ASSETCATALOG_COMPILER_GENERATE_SWIFT_ASSET_SYMBOL_EXTENSIONS = YES;
				CLANG_ANALYZER_NONNULL = YES;
				CLANG_ANALYZER_NUMBER_OBJECT_CONVERSION = YES_AGGRESSIVE;
				CLANG_CXX_LANGUAGE_STANDARD = "gnu++20";
				CLANG_ENABLE_MODULES = YES;
				CLANG_ENABLE_OBJC_ARC = YES;
				CLANG_ENABLE_OBJC_WEAK = YES;
				CLANG_WARN_BLOCK_CAPTURE_AUTORELEASING = YES;
				CLANG_WARN_BOOL_CONVERSION = YES;
				CLANG_WARN_COMMA = YES;
				CLANG_WARN_CONSTANT_CONVERSION = YES;
				CLANG_WARN_DEPRECATED_OBJC_IMPLEMENTATIONS = YES;
				CLANG_WARN_DIRECT_OBJC_ISA_USAGE = YES_ERROR;
				CLANG_WARN_DOCUMENTATION_COMMENTS = YES;
				CLANG_WARN_EMPTY_BODY = YES;
				CLANG_WARN_ENUM_CONVERSION = YES;
				CLANG_WARN_INFINITE_RECURSION = YES;
				CLANG_WARN_INT_CONVERSION = YES;
				CLANG_WARN_NON_LITERAL_NULL_CONVERSION = YES;
				CLANG_WARN_OBJC_IMPLICIT_RETAIN_SELF = YES;
				CLANG_WARN_OBJC_LITERAL_CONVERSION = YES;
				CLANG_WARN_OBJC_ROOT_CLASS = YES_ERROR;
				CLANG_WARN_QUOTED_INCLUDE_IN_FRAMEWORK_HEADER = YES;
				CLANG_WARN_RANGE_LOOP_ANALYSIS = YES;
				CLANG_WARN_STRICT_PROTOTYPES = YES;
				CLANG_WARN_SUSPICIOUS_MOVE = YES;
				CLANG_WARN_UNGUARDED_AVAILABILITY = YES_AGGRESSIVE;
				CLANG_WARN_UNREACHABLE_CODE = YES;
				CLANG_WARN__DUPLICATE_METHOD_MATCH = YES;
				COPY_PHASE_STRIP = NO;
				DEBUG_INFORMATION_FORMAT = "dwarf-with-dsym";
				ENABLE_NS_ASSERTIONS = NO;
				ENABLE_STRICT_OBJC_MSGSEND = YES;
				ENABLE_USER_SCRIPT_SANDBOXING = NO;
				GCC_C_LANGUAGE_STANDARD = gnu17;
				GCC_NO_COMMON_BLOCKS = YES;
				GCC_WARN_64_TO_32_BIT_CONVERSION = YES;
				GCC_WARN_ABOUT_RETURN_TYPE = YES_ERROR;
				GCC_WARN_UNDECLARED_SELECTOR = YES;
				GCC_WARN_UNINITIALIZED_AUTOS = YES_AGGRESSIVE;
				GCC_WARN_UNUSED_FUNCTION = YES;
				GCC_WARN_UNUSED_VARIABLE = YES;
				IPHONEOS_DEPLOYMENT_TARGET = 17.0;
				LOCALIZATION_PREFERS_STRING_CATALOGS = YES;
				MTL_ENABLE_DEBUG_INFO = NO;
				MTL_FAST_MATH = YES;
				SDKROOT = iphoneos;
				SWIFT_COMPILATION_MODE = wholemodule;
				VALIDATE_PRODUCT = YES;
			};
			name = Release;
		};
		4353A5102B29B3A5006C7CC4 /* Debug */ = {
			isa = XCBuildConfiguration;
			baseConfigurationReference = 8D82CFBC2218EF290CAA07A4 /* Pods-StarFriend.debug.xcconfig */;
			buildSettings = {
				ASSETCATALOG_COMPILER_APPICON_NAME = AppIcon;
				ASSETCATALOG_COMPILER_GLOBAL_ACCENT_COLOR_NAME = AccentColor;
				CODE_SIGN_STYLE = Automatic;
				CURRENT_PROJECT_VERSION = 1;
				DEVELOPMENT_TEAM = L7L2847Q43;
				GENERATE_INFOPLIST_FILE = YES;
				INFOPLIST_FILE = StarFriend/Info.plist;
				INFOPLIST_KEY_NSCameraUsageDescription = "The app needs your permission to use the camera so that it can take pictures.";
				INFOPLIST_KEY_NSPhotoLibraryAddUsageDescription = "The app needs your permission to access the photo library.";
				INFOPLIST_KEY_UIApplicationSupportsIndirectInputEvents = YES;
				INFOPLIST_KEY_UILaunchStoryboardName = LaunchScreen;
				INFOPLIST_KEY_UIMainStoryboardFile = "";
				INFOPLIST_KEY_UIStatusBarHidden = YES;
				INFOPLIST_KEY_UIStatusBarStyle = UIStatusBarStyleLightContent;
				INFOPLIST_KEY_UISupportedInterfaceOrientations = UIInterfaceOrientationPortrait;
				IPHONEOS_DEPLOYMENT_TARGET = 14.0;
				LD_RUNPATH_SEARCH_PATHS = (
					"$(inherited)",
					"@executable_path/Frameworks",
				);
				MARKETING_VERSION = 1.0;
				PRODUCT_BUNDLE_IDENTIFIER = com.friend.star.StarFriend;
				PRODUCT_NAME = "$(TARGET_NAME)";
				SUPPORTED_PLATFORMS = "iphoneos iphonesimulator";
				SUPPORTS_MACCATALYST = NO;
				SWIFT_EMIT_LOC_STRINGS = YES;
				SWIFT_VERSION = 5.0;
				TARGETED_DEVICE_FAMILY = 1;
			};
			name = Debug;
		};
		4353A5112B29B3A5006C7CC4 /* Release */ = {
			isa = XCBuildConfiguration;
			baseConfigurationReference = 3821741135C545AF73DB5E6E /* Pods-StarFriend.release.xcconfig */;
			buildSettings = {
				ASSETCATALOG_COMPILER_APPICON_NAME = AppIcon;
				ASSETCATALOG_COMPILER_GLOBAL_ACCENT_COLOR_NAME = AccentColor;
				CODE_SIGN_STYLE = Automatic;
				CURRENT_PROJECT_VERSION = 1;
				DEVELOPMENT_TEAM = L7L2847Q43;
				GENERATE_INFOPLIST_FILE = YES;
				INFOPLIST_FILE = StarFriend/Info.plist;
				INFOPLIST_KEY_NSCameraUsageDescription = "The app needs your permission to use the camera so that it can take pictures.";
				INFOPLIST_KEY_NSPhotoLibraryAddUsageDescription = "The app needs your permission to access the photo library.";
				INFOPLIST_KEY_UIApplicationSupportsIndirectInputEvents = YES;
				INFOPLIST_KEY_UILaunchStoryboardName = LaunchScreen;
				INFOPLIST_KEY_UIMainStoryboardFile = "";
				INFOPLIST_KEY_UIStatusBarHidden = YES;
				INFOPLIST_KEY_UIStatusBarStyle = UIStatusBarStyleLightContent;
				INFOPLIST_KEY_UISupportedInterfaceOrientations = UIInterfaceOrientationPortrait;
				IPHONEOS_DEPLOYMENT_TARGET = 14.0;
				LD_RUNPATH_SEARCH_PATHS = (
					"$(inherited)",
					"@executable_path/Frameworks",
				);
				MARKETING_VERSION = 1.0;
				PRODUCT_BUNDLE_IDENTIFIER = com.friend.star.StarFriend;
				PRODUCT_NAME = "$(TARGET_NAME)";
				SUPPORTED_PLATFORMS = "iphoneos iphonesimulator";
				SUPPORTS_MACCATALYST = NO;
				SWIFT_EMIT_LOC_STRINGS = YES;
				SWIFT_VERSION = 5.0;
				TARGETED_DEVICE_FAMILY = 1;
			};
			name = Release;
		};
/* End XCBuildConfiguration section */

/* Begin XCConfigurationList section */
		4353A4F62B29B3A5006C7CC4 /* Build configuration list for PBXProject "StarFriend" */ = {
			isa = XCConfigurationList;
			buildConfigurations = (
				4353A50D2B29B3A5006C7CC4 /* Debug */,
				4353A50E2B29B3A5006C7CC4 /* Release */,
			);
			defaultConfigurationIsVisible = 0;
			defaultConfigurationName = Release;
		};
		4353A50F2B29B3A5006C7CC4 /* Build configuration list for PBXNativeTarget "StarFriend" */ = {
			isa = XCConfigurationList;
			buildConfigurations = (
				4353A5102B29B3A5006C7CC4 /* Debug */,
				4353A5112B29B3A5006C7CC4 /* Release */,
			);
			defaultConfigurationIsVisible = 0;
			defaultConfigurationName = Release;
		};
/* End XCConfigurationList section */
	};
	rootObject = 4353A4F32B29B3A5006C7CC4 /* Project object */;
}
